// !$*UTF8*$!
{
	archiveVersion = 1;
	classes = {
	};
	objectVersion = 46;
	objects = {

/* Begin PBXBuildFile section */
		77B3C5D61F69B8F400F64782 /* AppDelegate.swift in Sources */ = {isa = PBXBuildFile; fileRef = 77B3C5D51F69B8F400F64782 /* AppDelegate.swift */; };
		77B3C5D81F69B8F400F64782 /* ViewController.swift in Sources */ = {isa = PBXBuildFile; fileRef = 77B3C5D71F69B8F400F64782 /* ViewController.swift */; };
		77B3C5DB1F69B8F400F64782 /* Main.storyboard in Resources */ = {isa = PBXBuildFile; fileRef = 77B3C5D91F69B8F400F64782 /* Main.storyboard */; };
		77B3C5DD1F69B8F400F64782 /* Assets.xcassets in Resources */ = {isa = PBXBuildFile; fileRef = 77B3C5DC1F69B8F400F64782 /* Assets.xcassets */; };
		77B3C5E01F69B8F400F64782 /* LaunchScreen.storyboard in Resources */ = {isa = PBXBuildFile; fileRef = 77B3C5DE1F69B8F400F64782 /* LaunchScreen.storyboard */; };
		77B3C5EE1F69B92600F64782 /* CircuitBreaker.swift in Sources */ = {isa = PBXBuildFile; fileRef = 77B3C5E81F69B92600F64782 /* CircuitBreaker.swift */; };
		77B3C5EF1F69B92600F64782 /* CircuitBreakerProvider.swift in Sources */ = {isa = PBXBuildFile; fileRef = 77B3C5E91F69B92600F64782 /* CircuitBreakerProvider.swift */; };
		77B3C5F01F69B92600F64782 /* ResourceProvider+URLSession.swift in Sources */ = {isa = PBXBuildFile; fileRef = 77B3C5EA1F69B92600F64782 /* ResourceProvider+URLSession.swift */; };
		77B3C5F11F69B92600F64782 /* ResourceProviderType.swift in Sources */ = {isa = PBXBuildFile; fileRef = 77B3C5EB1F69B92600F64782 /* ResourceProviderType.swift */; };
		77B3C5F21F69B92600F64782 /* ResourceType+URLRequest.swift in Sources */ = {isa = PBXBuildFile; fileRef = 77B3C5EC1F69B92600F64782 /* ResourceType+URLRequest.swift */; };
		77B3C5F31F69B92600F64782 /* ResourceType.swift in Sources */ = {isa = PBXBuildFile; fileRef = 77B3C5ED1F69B92600F64782 /* ResourceType.swift */; };
		77B3C5F51F6A8B0100F64782 /* BaseResourceProvider.swift in Sources */ = {isa = PBXBuildFile; fileRef = 77B3C5F41F6A8B0100F64782 /* BaseResourceProvider.swift */; };
/* End PBXBuildFile section */

/* Begin PBXFileReference section */
		77B3C5D21F69B8F400F64782 /* CircuitBreakerExample.app */ = {isa = PBXFileReference; explicitFileType = wrapper.application; includeInIndex = 0; path = CircuitBreakerExample.app; sourceTree = BUILT_PRODUCTS_DIR; };
		77B3C5D51F69B8F400F64782 /* AppDelegate.swift */ = {isa = PBXFileReference; lastKnownFileType = sourcecode.swift; path = AppDelegate.swift; sourceTree = "<group>"; };
		77B3C5D71F69B8F400F64782 /* ViewController.swift */ = {isa = PBXFileReference; lastKnownFileType = sourcecode.swift; path = ViewController.swift; sourceTree = "<group>"; };
		77B3C5DA1F69B8F400F64782 /* Base */ = {isa = PBXFileReference; lastKnownFileType = file.storyboard; name = Base; path = Base.lproj/Main.storyboard; sourceTree = "<group>"; };
		77B3C5DC1F69B8F400F64782 /* Assets.xcassets */ = {isa = PBXFileReference; lastKnownFileType = folder.assetcatalog; path = Assets.xcassets; sourceTree = "<group>"; };
		77B3C5DF1F69B8F400F64782 /* Base */ = {isa = PBXFileReference; lastKnownFileType = file.storyboard; name = Base; path = Base.lproj/LaunchScreen.storyboard; sourceTree = "<group>"; };
		77B3C5E11F69B8F400F64782 /* Info.plist */ = {isa = PBXFileReference; lastKnownFileType = text.plist.xml; path = Info.plist; sourceTree = "<group>"; };
		77B3C5E81F69B92600F64782 /* CircuitBreaker.swift */ = {isa = PBXFileReference; fileEncoding = 4; lastKnownFileType = sourcecode.swift; path = CircuitBreaker.swift; sourceTree = "<group>"; };
		77B3C5E91F69B92600F64782 /* CircuitBreakerProvider.swift */ = {isa = PBXFileReference; fileEncoding = 4; lastKnownFileType = sourcecode.swift; path = CircuitBreakerProvider.swift; sourceTree = "<group>"; };
		77B3C5EA1F69B92600F64782 /* ResourceProvider+URLSession.swift */ = {isa = PBXFileReference; fileEncoding = 4; lastKnownFileType = sourcecode.swift; path = "ResourceProvider+URLSession.swift"; sourceTree = "<group>"; };
		77B3C5EB1F69B92600F64782 /* ResourceProviderType.swift */ = {isa = PBXFileReference; fileEncoding = 4; lastKnownFileType = sourcecode.swift; path = ResourceProviderType.swift; sourceTree = "<group>"; };
		77B3C5EC1F69B92600F64782 /* ResourceType+URLRequest.swift */ = {isa = PBXFileReference; fileEncoding = 4; lastKnownFileType = sourcecode.swift; path = "ResourceType+URLRequest.swift"; sourceTree = "<group>"; };
		77B3C5ED1F69B92600F64782 /* ResourceType.swift */ = {isa = PBXFileReference; fileEncoding = 4; lastKnownFileType = sourcecode.swift; path = ResourceType.swift; sourceTree = "<group>"; };
		77B3C5F41F6A8B0100F64782 /* BaseResourceProvider.swift */ = {isa = PBXFileReference; fileEncoding = 4; lastKnownFileType = sourcecode.swift; path = BaseResourceProvider.swift; sourceTree = "<group>"; };
/* End PBXFileReference section */

/* Begin PBXFrameworksBuildPhase section */
		77B3C5CF1F69B8F400F64782 /* Frameworks */ = {
			isa = PBXFrameworksBuildPhase;
			buildActionMask = 2147483647;
			files = (
			);
			runOnlyForDeploymentPostprocessing = 0;
		};
/* End PBXFrameworksBuildPhase section */

/* Begin PBXGroup section */
		77B3C5C91F69B8F400F64782 = {
			isa = PBXGroup;
			children = (
				77B3C5D41F69B8F400F64782 /* CircuitBreakerExample */,
				77B3C5D31F69B8F400F64782 /* Products */,
			);
			sourceTree = "<group>";
		};
		77B3C5D31F69B8F400F64782 /* Products */ = {
			isa = PBXGroup;
			children = (
				77B3C5D21F69B8F400F64782 /* CircuitBreakerExample.app */,
			);
			name = Products;
			sourceTree = "<group>";
		};
		77B3C5D41F69B8F400F64782 /* CircuitBreakerExample */ = {
			isa = PBXGroup;
			children = (
				77B3C5E71F69B92600F64782 /* CircuitBreaker */,
				77B3C5D51F69B8F400F64782 /* AppDelegate.swift */,
				77B3C5D71F69B8F400F64782 /* ViewController.swift */,
				77B3C5D91F69B8F400F64782 /* Main.storyboard */,
				77B3C5DC1F69B8F400F64782 /* Assets.xcassets */,
				77B3C5DE1F69B8F400F64782 /* LaunchScreen.storyboard */,
				77B3C5E11F69B8F400F64782 /* Info.plist */,
			);
			path = CircuitBreakerExample;
			sourceTree = "<group>";
		};
		77B3C5E71F69B92600F64782 /* CircuitBreaker */ = {
			isa = PBXGroup;
			children = (
				77B3C5E81F69B92600F64782 /* CircuitBreaker.swift */,
				77B3C5E91F69B92600F64782 /* CircuitBreakerProvider.swift */,
				77B3C5F41F6A8B0100F64782 /* BaseResourceProvider.swift */,
				77B3C5EA1F69B92600F64782 /* ResourceProvider+URLSession.swift */,
				77B3C5EB1F69B92600F64782 /* ResourceProviderType.swift */,
				77B3C5EC1F69B92600F64782 /* ResourceType+URLRequest.swift */,
				77B3C5ED1F69B92600F64782 /* ResourceType.swift */,
			);
			path = CircuitBreaker;
			sourceTree = "<group>";
		};
/* End PBXGroup section */

/* Begin PBXNativeTarget section */
		77B3C5D11F69B8F400F64782 /* CircuitBreakerExample */ = {
			isa = PBXNativeTarget;
			buildConfigurationList = 77B3C5E41F69B8F400F64782 /* Build configuration list for PBXNativeTarget "CircuitBreakerExample" */;
			buildPhases = (
				77B3C5CE1F69B8F400F64782 /* Sources */,
				77B3C5CF1F69B8F400F64782 /* Frameworks */,
				77B3C5D01F69B8F400F64782 /* Resources */,
			);
			buildRules = (
			);
			dependencies = (
			);
			name = CircuitBreakerExample;
			productName = CircuitBreakerExample;
			productReference = 77B3C5D21F69B8F400F64782 /* CircuitBreakerExample.app */;
			productType = "com.apple.product-type.application";
		};
/* End PBXNativeTarget section */

/* Begin PBXProject section */
		77B3C5CA1F69B8F400F64782 /* Project object */ = {
			isa = PBXProject;
			attributes = {
				LastSwiftUpdateCheck = 0830;
				LastUpgradeCheck = 0830;
				ORGANIZATIONNAME = 93Hz;
				TargetAttributes = {
					77B3C5D11F69B8F400F64782 = {
						CreatedOnToolsVersion = 8.3.3;
						DevelopmentTeam = 38VG3GCC6F;
						ProvisioningStyle = Automatic;
					};
				};
			};
			buildConfigurationList = 77B3C5CD1F69B8F400F64782 /* Build configuration list for PBXProject "CircuitBreakerExample" */;
			compatibilityVersion = "Xcode 3.2";
			developmentRegion = English;
			hasScannedForEncodings = 0;
			knownRegions = (
				en,
				Base,
			);
			mainGroup = 77B3C5C91F69B8F400F64782;
			productRefGroup = 77B3C5D31F69B8F400F64782 /* Products */;
			projectDirPath = "";
			projectRoot = "";
			targets = (
				77B3C5D11F69B8F400F64782 /* CircuitBreakerExample */,
			);
		};
/* End PBXProject section */

/* Begin PBXResourcesBuildPhase section */
		77B3C5D01F69B8F400F64782 /* Resources */ = {
			isa = PBXResourcesBuildPhase;
			buildActionMask = 2147483647;
			files = (
				77B3C5E01F69B8F400F64782 /* LaunchScreen.storyboard in Resources */,
				77B3C5DD1F69B8F400F64782 /* Assets.xcassets in Resources */,
				77B3C5DB1F69B8F400F64782 /* Main.storyboard in Resources */,
			);
			runOnlyForDeploymentPostprocessing = 0;
		};
/* End PBXResourcesBuildPhase section */

/* Begin PBXSourcesBuildPhase section */
		77B3C5CE1F69B8F400F64782 /* Sources */ = {
			isa = PBXSourcesBuildPhase;
			buildActionMask = 2147483647;
			files = (
				77B3C5D81F69B8F400F64782 /* ViewController.swift in Sources */,
				77B3C5EF1F69B92600F64782 /* CircuitBreakerProvider.swift in Sources */,
				77B3C5F11F69B92600F64782 /* ResourceProviderType.swift in Sources */,
				77B3C5F21F69B92600F64782 /* ResourceType+URLRequest.swift in Sources */,
				77B3C5F51F6A8B0100F64782 /* BaseResourceProvider.swift in Sources */,
				77B3C5F01F69B92600F64782 /* ResourceProvider+URLSession.swift in Sources */,
				77B3C5D61F69B8F400F64782 /* AppDelegate.swift in Sources */,
				77B3C5EE1F69B92600F64782 /* CircuitBreaker.swift in Sources */,
				77B3C5F31F69B92600F64782 /* ResourceType.swift in Sources */,
			);
			runOnlyForDeploymentPostprocessing = 0;
		};
/* End PBXSourcesBuildPhase section */

/* Begin PBXVariantGroup section */
		77B3C5D91F69B8F400F64782 /* Main.storyboard */ = {
			isa = PBXVariantGroup;
			children = (
				77B3C5DA1F69B8F400F64782 /* Base */,
			);
			name = Main.storyboard;
			sourceTree = "<group>";
		};
		77B3C5DE1F69B8F400F64782 /* LaunchScreen.storyboard */ = {
			isa = PBXVariantGroup;
			children = (
				77B3C5DF1F69B8F400F64782 /* Base */,
			);
			name = LaunchScreen.storyboard;
			sourceTree = "<group>";
		};
/* End PBXVariantGroup section */

/* Begin XCBuildConfiguration section */
		77B3C5E21F69B8F400F64782 /* Debug */ = {
			isa = XCBuildConfiguration;
			buildSettings = {
				ALWAYS_SEARCH_USER_PATHS = NO;
				CLANG_ANALYZER_NONNULL = YES;
				CLANG_ANALYZER_NUMBER_OBJECT_CONVERSION = YES_AGGRESSIVE;
				CLANG_CXX_LANGUAGE_STANDARD = "gnu++0x";
				CLANG_CXX_LIBRARY = "libc++";
				CLANG_ENABLE_MODULES = YES;
				CLANG_ENABLE_OBJC_ARC = YES;
				CLANG_WARN_BOOL_CONVERSION = YES;
				CLANG_WARN_CONSTANT_CONVERSION = YES;
				CLANG_WARN_DIRECT_OBJC_ISA_USAGE = YES_ERROR;
				CLANG_WARN_DOCUMENTATION_COMMENTS = YES;
				CLANG_WARN_EMPTY_BODY = YES;
				CLANG_WARN_ENUM_CONVERSION = YES;
				CLANG_WARN_INFINITE_RECURSION = YES;
				CLANG_WARN_INT_CONVERSION = YES;
				CLANG_WARN_OBJC_ROOT_CLASS = YES_ERROR;
				CLANG_WARN_SUSPICIOUS_MOVE = YES;
				CLANG_WARN_UNREACHABLE_CODE = YES;
				CLANG_WARN__DUPLICATE_METHOD_MATCH = YES;
				"CODE_SIGN_IDENTITY[sdk=iphoneos*]" = "iPhone Developer";
				COPY_PHASE_STRIP = NO;
				DEBUG_INFORMATION_FORMAT = dwarf;
				ENABLE_STRICT_OBJC_MSGSEND = YES;
				ENABLE_TESTABILITY = YES;
				GCC_C_LANGUAGE_STANDARD = gnu99;
				GCC_DYNAMIC_NO_PIC = NO;
				GCC_NO_COMMON_BLOCKS = YES;
				GCC_OPTIMIZATION_LEVEL = 0;
				GCC_PREPROCESSOR_DEFINITIONS = (
					"DEBUG=1",
					"$(inherited)",
				);
				GCC_WARN_64_TO_32_BIT_CONVERSION = YES;
				GCC_WARN_ABOUT_RETURN_TYPE = YES_ERROR;
				GCC_WARN_UNDECLARED_SELECTOR = YES;
				GCC_WARN_UNINITIALIZED_AUTOS = YES_AGGRESSIVE;
				GCC_WARN_UNUSED_FUNCTION = YES;
				GCC_WARN_UNUSED_VARIABLE = YES;
				IPHONEOS_DEPLOYMENT_TARGET = 10.3;
				MTL_ENABLE_DEBUG_INFO = YES;
				ONLY_ACTIVE_ARCH = YES;
				SDKROOT = iphoneos;
				SWIFT_ACTIVE_COMPILATION_CONDITIONS = DEBUG;
				SWIFT_OPTIMIZATION_LEVEL = "-Onone";
			};
			name = Debug;
		};
		77B3C5E31F69B8F400F64782 /* Release */ = {
			isa = XCBuildConfiguration;
			buildSettings = {
				ALWAYS_SEARCH_USER_PATHS = NO;
				CLANG_ANALYZER_NONNULL = YES;
				CLANG_ANALYZER_NUMBER_OBJECT_CONVERSION = YES_AGGRESSIVE;
				CLANG_CXX_LANGUAGE_STANDARD = "gnu++0x";
				CLANG_CXX_LIBRARY = "libc++";
				CLANG_ENABLE_MODULES = YES;
				CLANG_ENABLE_OBJC_ARC = YES;
				CLANG_WARN_BOOL_CONVERSION = YES;
				CLANG_WARN_CONSTANT_CONVERSION = YES;
				CLANG_WARN_DIRECT_OBJC_ISA_USAGE = YES_ERROR;
				CLANG_WARN_DOCUMENTATION_COMMENTS = YES;
				CLANG_WARN_EMPTY_BODY = YES;
				CLANG_WARN_ENUM_CONVERSION = YES;
				CLANG_WARN_INFINITE_RECURSION = YES;
				CLANG_WARN_INT_CONVERSION = YES;
				CLANG_WARN_OBJC_ROOT_CLASS = YES_ERROR;
				CLANG_WARN_SUSPICIOUS_MOVE = YES;
				CLANG_WARN_UNREACHABLE_CODE = YES;
				CLANG_WARN__DUPLICATE_METHOD_MATCH = YES;
				"CODE_SIGN_IDENTITY[sdk=iphoneos*]" = "iPhone Developer";
				COPY_PHASE_STRIP = NO;
				DEBUG_INFORMATION_FORMAT = "dwarf-with-dsym";
				ENABLE_NS_ASSERTIONS = NO;
				ENABLE_STRICT_OBJC_MSGSEND = YES;
				GCC_C_LANGUAGE_STANDARD = gnu99;
				GCC_NO_COMMON_BLOCKS = YES;
				GCC_WARN_64_TO_32_BIT_CONVERSION = YES;
				GCC_WARN_ABOUT_RETURN_TYPE = YES_ERROR;
				GCC_WARN_UNDECLARED_SELECTOR = YES;
				GCC_WARN_UNINITIALIZED_AUTOS = YES_AGGRESSIVE;
				GCC_WARN_UNUSED_FUNCTION = YES;
				GCC_WARN_UNUSED_VARIABLE = YES;
				IPHONEOS_DEPLOYMENT_TARGET = 10.3;
				MTL_ENABLE_DEBUG_INFO = NO;
				SDKROOT = iphoneos;
				SWIFT_OPTIMIZATION_LEVEL = "-Owholemodule";
				VALIDATE_PRODUCT = YES;
			};
			name = Release;
		};
		77B3C5E51F69B8F400F64782 /* Debug */ = {
			isa = XCBuildConfiguration;
			buildSettings = {
				ASSETCATALOG_COMPILER_APPICON_NAME = AppIcon;
				DEVELOPMENT_TEAM = 38VG3GCC6F;
				INFOPLIST_FILE = CircuitBreakerExample/Info.plist;
				LD_RUNPATH_SEARCH_PATHS = "$(inherited) @executable_path/Frameworks";
				PRODUCT_BUNDLE_IDENTIFIER = com.93hz.CircuitBreakerExample;
				PRODUCT_NAME = "$(TARGET_NAME)";
				SWIFT_VERSION = 3.0;
			};
			name = Debug;
		};
		77B3C5E61F69B8F400F64782 /* Release */ = {
			isa = XCBuildConfiguration;
			buildSettings = {
				ASSETCATALOG_COMPILER_APPICON_NAME = AppIcon;
				DEVELOPMENT_TEAM = 38VG3GCC6F;
				INFOPLIST_FILE = CircuitBreakerExample/Info.plist;
				LD_RUNPATH_SEARCH_PATHS = "$(inherited) @executable_path/Frameworks";
				PRODUCT_BUNDLE_IDENTIFIER = com.93hz.CircuitBreakerExample;
				PRODUCT_NAME = "$(TARGET_NAME)";
				SWIFT_VERSION = 3.0;
			};
			name = Release;
		};
/* End XCBuildConfiguration section */

/* Begin XCConfigurationList section */
		77B3C5CD1F69B8F400F64782 /* Build configuration list for PBXProject "CircuitBreakerExample" */ = {
			isa = XCConfigurationList;
			buildConfigurations = (
				77B3C5E21F69B8F400F64782 /* Debug */,
				77B3C5E31F69B8F400F64782 /* Release */,
			);
			defaultConfigurationIsVisible = 0;
			defaultConfigurationName = Release;
		};
		77B3C5E41F69B8F400F64782 /* Build configuration list for PBXNativeTarget "CircuitBreakerExample" */ = {
			isa = XCConfigurationList;
			buildConfigurations = (
				77B3C5E51F69B8F400F64782 /* Debug */,
				77B3C5E61F69B8F400F64782 /* Release */,
			);
			defaultConfigurationIsVisible = 0;
		};
/* End XCConfigurationList section */
	};
	rootObject = 77B3C5CA1F69B8F400F64782 /* Project object */;
}
